
Microsoft Visual Studio Solution File, Format Version 12.00
# Visual Studio 2012
Project("{FAE04EC0-301F-11D3-BF4B-00C04F79EFBC}") = "BackTracking", "BackTracking\BackTracking.csproj", "{05D37EAB-F008-4344-9EF1-F3419E18E0C3}"
EndProject
Global
	GlobalSection(SolutionConfigurationPlatforms) = preSolution
		Debug|x86 = Debug|x86
		Release|x86 = Release|x86
	EndGlobalSection
	GlobalSection(ProjectConfigurationPlatforms) = postSolution
		{05D37EAB-F008-4344-9EF1-F3419E18E0C3}.Debug|x86.ActiveCfg = Debug|x86
		{05D37EAB-F008-4344-9EF1-F3419E18E0C3}.Debug|x86.Build.0 = Debug|x86
		{05D37EAB-F008-4344-9EF1-F3419E18E0C3}.Release|x86.ActiveCfg = Release|x86
		{05D37EAB-F008-4344-9EF1-F3419E18E0C3}.Release|x86.Build.0 = Release|x86
	EndGlobalSection
EndGlobal
